{
  "lockfile_version": "1",
  "packages": {
    "gcc@latest": {
      "last_modified": "2026-05-21T08:15:18Z",
      "resolved": "github:NixOS/nixpkgs/4a29d733e8a7d5b824c3d8c958a946a9867b3eb2#gcc16",
      "source": "devbox-search",
      "version": "16.1.0",
      "systems": {
        "aarch64-darwin": {
          "outputs": [
            {
              "name": "out",
              "path": "/nix/store/rxibjsv6kbn68yv4yxm2j7gpjpzqxylm-gcc-wrapper-16.1.0",
              "default": true
            },
            {
              "name": "man",
              "path": "/nix/store/9zslvcy97r8gdv6j67fvbvzz85s98dfz-gcc-wrapper-16.1.0-man",
              "default": true
            },
            {
              "name": "info",
              "path": "/nix/store/yrf34jg30y5znsllb2skx7cq2x2faxjk-gcc-wrapper-16.1.0-info"
            }
          ],
          "store_path": "/nix/store/rxibjsv6kbn68yv4yxm2j7gpjpzqxylm-gcc-wrapper-16.1.0"
        },
        "aarch64-linux": {
          "outputs": [
            {
              "name": "out",
              "path": "/nix/store/435jmzq063lkllbzrncw8c2frp772zal-gcc-wrapper-16.1.0",
              "default": true
            },
            {
              "name": "man",
              "path": "/nix/store/7301n7w2g1x5z211gcxz4gmzaaykykis-gcc-wrapper-16.1.0-man",
              "default": true
            },
            {
              "name": "info",
              "path": "/nix/store/xln7vgjrqcv00p53c62914r8nw3ar34x-gcc-wrapper-16.1.0-info"
            }
          ],
          "store_path": "/nix/store/435jmzq063lkllbzrncw8c2frp772zal-gcc-wrapper-16.1.0"
        },
        "x86_64-darwin": {
          "outputs": [
            {
              "name": "out",
              "path": "/nix/store/2swyyj4x870fql28jgbd838xi3qhzj4x-gcc-wrapper-16.1.0",
              "default": true
            },
            {
              "name": "man",
              "path": "/nix/store/chw8n9c9kafifh1rnmcni9hjlnzq6cgl-gcc-wrapper-16.1.0-man",
              "default": true
            },
            {
              "name": "info",
              "path": "/nix/store/vpi9cwhpvjr200aqwryl16nbsypv7isi-gcc-wrapper-16.1.0-info"
            }
          ],
          "store_path": "/nix/store/2swyyj4x870fql28jgbd838xi3qhzj4x-gcc-wrapper-16.1.0"
        },
        "x86_64-linux": {
          "outputs": [
            {
              "name": "out",
              "path": "/nix/store/1yyps6cg0vyigp1q6iyy92l2habli99s-gcc-wrapper-16.1.0",
              "default": true
            },
            {
              "name": "man",
              "path": "/nix/store/xi0rbkik9hai1b4yf853j6gmky7v6lld-gcc-wrapper-16.1.0-man",
              "default": true
            },
            {
              "name": "info",
              "path": "/nix/store/ydqkn5iwm5d50491nal33rn4wm8f76kl-gcc-wrapper-16.1.0-info"
            }
          ],
          "store_path": "/nix/store/1yyps6cg0vyigp1q6iyy92l2habli99s-gcc-wrapper-16.1.0"
        }
      }
    },
    "github:NixOS/nixpkgs/nixpkgs-unstable": {
      "last_modified": "2026-06-06T12:12:42Z",
      "resolved": "github:NixOS/nixpkgs/cbb5cf358f50aa6acc9efd6113b7bcfbc352cd73?lastModified=1780747962&narHash=sha256-IX7G1dlKrOqPOImfbo7ADDfV5yU1%2Bj%2BMRChI3TL4tAA%3D"
    },
    "go@1.23": {
      "last_modified": "2025-08-08T08:05:48Z",
      "resolved": "github:NixOS/nixpkgs/a3f3e3f2c983e957af6b07a1db98bafd1f87b7a1#go_1_23",
      "source": "devbox-search",
      "version": "1.23.12",
      "systems": {
        "aarch64-darwin": {
          "outputs": [
            {
              "name": "out",
              "path": "/nix/store/ls7j3c95gdy2s5zzlzy751zgly53gs4c-go-1.23.12",
              "default": true
            }
          ],
          "store_path": "/nix/store/ls7j3c95gdy2s5zzlzy751zgly53gs4c-go-1.23.12"
        },
        "aarch64-linux": {
          "outputs": [
            {
              "name": "out",
              "path": "/nix/store/482v99lr94jxbx0c44dyydhxjhzs8na1-go-1.23.12",
              "default": true
            }
          ],
          "store_path": "/nix/store/482v99lr94jxbx0c44dyydhxjhzs8na1-go-1.23.12"
        },
        "x86_64-darwin": {
          "outputs": [
            {
              "name": "out",
              "path": "/nix/store/4xnvg72xnfsyrm426wn91rb594s507ja-go-1.23.12",
              "default": true
            }
          ],
          "store_path": "/nix/store/4xnvg72xnfsyrm426wn91rb594s507ja-go-1.23.12"
        },
        "x86_64-linux": {
          "outputs": [
            {
              "name": "out",
              "path": "/nix/store/nmmw1c5mwf7mzlbk5rnpm1gxvzh6jjw4-go-1.23.12",
              "default": true
            }
          ],
          "store_path": "/nix/store/nmmw1c5mwf7mzlbk5rnpm1gxvzh6jjw4-go-1.23.12"
        }
      }
    }
  }
}
